// !$*UTF8*$!
{
	archiveVersion = 1;
	classes = {
	};
	objectVersion = 55;
	objects = {

/* Begin PBXBuildFile section */
		A150A122278582B100277A98 /* AppDelegate.swift in Sources */ = {isa = PBXBuildFile; fileRef = A150A121278582B100277A98 /* AppDelegate.swift */; };
		A150A124278582B100277A98 /* SceneDelegate.swift in Sources */ = {isa = PBXBuildFile; fileRef = A150A123278582B100277A98 /* SceneDelegate.swift */; };
		A150A126278582B100277A98 /* ViewController.swift in Sources */ = {isa = PBXBuildFile; fileRef = A150A125278582B100277A98 /* ViewController.swift */; };
		A150A129278582B100277A98 /* Main.storyboard in Resources */ = {isa = PBXBuildFile; fileRef = A150A127278582B100277A98 /* Main.storyboard */; };
		A150A12B278582B500277A98 /* Assets.xcassets in Resources */ = {isa = PBXBuildFile; fileRef = A150A12A278582B500277A98 /* Assets.xcassets */; };
		A150A12E278582B500277A98 /* LaunchScreen.storyboard in Resources */ = {isa = PBXBuildFile; fileRef = A150A12C278582B500277A98 /* LaunchScreen.storyboard */; };
		A1DE6A8B278749C200D43AF2 /* AlertAddToDo.storyboard in Resources */ = {isa = PBXBuildFile; fileRef = A1DE6A8A278749C200D43AF2 /* AlertAddToDo.storyboard */; };
		A1DE6A8D278821B200D43AF2 /* AlertViewController.swift in Sources */ = {isa = PBXBuildFile; fileRef = A1DE6A8C278821B200D43AF2 /* AlertViewController.swift */; };
		A1DE6A8F27882F3C00D43AF2 /* AlertService.swift in Sources */ = {isa = PBXBuildFile; fileRef = A1DE6A8E27882F3C00D43AF2 /* AlertService.swift */; };
		A1DE6A9327886B9B00D43AF2 /* RoundedCornerView.swift in Sources */ = {isa = PBXBuildFile; fileRef = A1DE6A9227886B9B00D43AF2 /* RoundedCornerView.swift */; };
		A1DE6A952790277A00D43AF2 /* SubtitleTableViewCell.swift in Sources */ = {isa = PBXBuildFile; fileRef = A1DE6A942790277A00D43AF2 /* SubtitleTableViewCell.swift */; };
/* End PBXBuildFile section */

/* Begin PBXFileReference section */
		A150A11E278582B100277A98 /* Planer.app */ = {isa = PBXFileReference; explicitFileType = wrapper.application; includeInIndex = 0; path = Planer.app; sourceTree = BUILT_PRODUCTS_DIR; };
		A150A121278582B100277A98 /* AppDelegate.swift */ = {isa = PBXFileReference; lastKnownFileType = sourcecode.swift; path = AppDelegate.swift; sourceTree = "<group>"; };
		A150A123278582B100277A98 /* SceneDelegate.swift */ = {isa = PBXFileReference; lastKnownFileType = sourcecode.swift; path = SceneDelegate.swift; sourceTree = "<group>"; };
		A150A125278582B100277A98 /* ViewController.swift */ = {isa = PBXFileReference; lastKnownFileType = sourcecode.swift; path = ViewController.swift; sourceTree = "<group>"; };
		A150A128278582B100277A98 /* Base */ = {isa = PBXFileReference; lastKnownFileType = file.storyboard; name = Base; path = Base.lproj/Main.storyboard; sourceTree = "<group>"; };
		A150A12A278582B500277A98 /* Assets.xcassets */ = {isa = PBXFileReference; lastKnownFileType = folder.assetcatalog; path = Assets.xcassets; sourceTree = "<group>"; };
		A150A12D278582B500277A98 /* Base */ = {isa = PBXFileReference; lastKnownFileType = file.storyboard; name = Base; path = Base.lproj/LaunchScreen.storyboard; sourceTree = "<group>"; };
		A150A12F278582B500277A98 /* Info.plist */ = {isa = PBXFileReference; lastKnownFileType = text.plist.xml; path = Info.plist; sourceTree = "<group>"; };
		A1DE6A8A278749C200D43AF2 /* AlertAddToDo.storyboard */ = {isa = PBXFileReference; lastKnownFileType = file.storyboard; path = AlertAddToDo.storyboard; sourceTree = "<group>"; };
		A1DE6A8C278821B200D43AF2 /* AlertViewController.swift */ = {isa = PBXFileReference; lastKnownFileType = sourcecode.swift; path = AlertViewController.swift; sourceTree = "<group>"; };
		A1DE6A8E27882F3C00D43AF2 /* AlertService.swift */ = {isa = PBXFileReference; lastKnownFileType = sourcecode.swift; path = AlertService.swift; sourceTree = "<group>"; };
		A1DE6A9227886B9B00D43AF2 /* RoundedCornerView.swift */ = {isa = PBXFileReference; lastKnownFileType = sourcecode.swift; path = RoundedCornerView.swift; sourceTree = "<group>"; };
		A1DE6A942790277A00D43AF2 /* SubtitleTableViewCell.swift */ = {isa = PBXFileReference; lastKnownFileType = sourcecode.swift; path = SubtitleTableViewCell.swift; sourceTree = "<group>"; };
/* End PBXFileReference section */

/* Begin PBXFrameworksBuildPhase section */
		A150A11B278582B100277A98 /* Frameworks */ = {
			isa = PBXFrameworksBuildPhase;
			buildActionMask = 2147483647;
			files = (
			);
			runOnlyForDeploymentPostprocessing = 0;
		};
/* End PBXFrameworksBuildPhase section */

/* Begin PBXGroup section */
		A150A115278582B100277A98 = {
			isa = PBXGroup;
			children = (
				A150A120278582B100277A98 /* Planer */,
				A150A11F278582B100277A98 /* Products */,
			);
			sourceTree = "<group>";
		};
		A150A11F278582B100277A98 /* Products */ = {
			isa = PBXGroup;
			children = (
				A150A11E278582B100277A98 /* Planer.app */,
			);
			name = Products;
			sourceTree = "<group>";
		};
		A150A120278582B100277A98 /* Planer */ = {
			isa = PBXGroup;
			children = (
				A150A121278582B100277A98 /* AppDelegate.swift */,
				A150A123278582B100277A98 /* SceneDelegate.swift */,
				A1DE6A8C278821B200D43AF2 /* AlertViewController.swift */,
				A150A125278582B100277A98 /* ViewController.swift */,
				A1DE6A8E27882F3C00D43AF2 /* AlertService.swift */,
				A150A127278582B100277A98 /* Main.storyboard */,
				A150A12A278582B500277A98 /* Assets.xcassets */,
				A150A12C278582B500277A98 /* LaunchScreen.storyboard */,
				A150A12F278582B500277A98 /* Info.plist */,
				A1DE6A8A278749C200D43AF2 /* AlertAddToDo.storyboard */,
				A1DE6A9227886B9B00D43AF2 /* RoundedCornerView.swift */,
				A1DE6A942790277A00D43AF2 /* SubtitleTableViewCell.swift */,
			);
			path = Planer;
			sourceTree = "<group>";
		};
/* End PBXGroup section */

/* Begin PBXNativeTarget section */
		A150A11D278582B100277A98 /* Planer */ = {
			isa = PBXNativeTarget;
			buildConfigurationList = A150A132278582B500277A98 /* Build configuration list for PBXNativeTarget "Planer" */;
			buildPhases = (
				A150A11A278582B100277A98 /* Sources */,
				A150A11B278582B100277A98 /* Frameworks */,
				A150A11C278582B100277A98 /* Resources */,
			);
			buildRules = (
			);
			dependencies = (
			);
			name = Planer;
			productName = Planer;
			productReference = A150A11E278582B100277A98 /* Planer.app */;
			productType = "com.apple.product-type.application";
		};
/* End PBXNativeTarget section */

/* Begin PBXProject section */
		A150A116278582B100277A98 /* Project object */ = {
			isa = PBXProject;
			attributes = {
				BuildIndependentTargetsInParallel = 1;
				LastSwiftUpdateCheck = 1320;
				LastUpgradeCheck = 1320;
				TargetAttributes = {
					A150A11D278582B100277A98 = {
						CreatedOnToolsVersion = 13.2.1;
					};
				};
			};
			buildConfigurationList = A150A119278582B100277A98 /* Build configuration list for PBXProject "Planer" */;
			compatibilityVersion = "Xcode 13.0";
			developmentRegion = en;
			hasScannedForEncodings = 0;
			knownRegions = (
				en,
				Base,
			);
			mainGroup = A150A115278582B100277A98;
			productRefGroup = A150A11F278582B100277A98 /* Products */;
			projectDirPath = "";
			projectRoot = "";
			targets = (
				A150A11D278582B100277A98 /* Planer */,
			);
		};
/* End PBXProject section */

/* Begin PBXResourcesBuildPhase section */
		A150A11C278582B100277A98 /* Resources */ = {
			isa = PBXResourcesBuildPhase;
			buildActionMask = 2147483647;
			files = (
				A150A12E278582B500277A98 /* LaunchScreen.storyboard in Resources */,
				A1DE6A8B278749C200D43AF2 /* AlertAddToDo.storyboard in Resources */,
				A150A12B278582B500277A98 /* Assets.xcassets in Resources */,
				A150A129278582B100277A98 /* Main.storyboard in Resources */,
			);
			runOnlyForDeploymentPostprocessing = 0;
		};
/* End PBXResourcesBuildPhase section */

/* Begin PBXSourcesBuildPhase section */
		A150A11A278582B100277A98 /* Sources */ = {
			isa = PBXSourcesBuildPhase;
			buildActionMask = 2147483647;
			files = (
				A150A126278582B100277A98 /* ViewController.swift in Sources */,
				A150A122278582B100277A98 /* AppDelegate.swift in Sources */,
				A150A124278582B100277A98 /* SceneDelegate.swift in Sources */,
				A1DE6A952790277A00D43AF2 /* SubtitleTableViewCell.swift in Sources */,
				A1DE6A8D278821B200D43AF2 /* AlertViewController.swift in Sources */,
				A1DE6A8F27882F3C00D43AF2 /* AlertService.swift in Sources */,
				A1DE6A9327886B9B00D43AF2 /* RoundedCornerView.swift in Sources */,
			);
			runOnlyForDeploymentPostprocessing = 0;
		};
/* End PBXSourcesBuildPhase section */

/* Begin PBXVariantGroup section */
		A150A127278582B100277A98 /* Main.storyboard */ = {
			isa = PBXVariantGroup;
			children = (
				A150A128278582B100277A98 /* Base */,
			);
			name = Main.storyboard;
			sourceTree = "<group>";
		};
		A150A12C278582B500277A98 /* LaunchScreen.storyboard */ = {
			isa = PBXVariantGroup;
			children = (
				A150A12D278582B500277A98 /* Base */,
			);
			name = LaunchScreen.storyboard;
			sourceTree = "<group>";
		};
/* End PBXVariantGroup section */

/* Begin XCBuildConfiguration section */
		A150A130278582B500277A98 /* Debug */ = {
			isa = XCBuildConfiguration;
			buildSettings = {
				ALWAYS_SEARCH_USER_PATHS = NO;
				CLANG_ANALYZER_NONNULL = YES;
				CLANG_ANALYZER_NUMBER_OBJECT_CONVERSION = YES_AGGRESSIVE;
				CLANG_CXX_LANGUAGE_STANDARD = "gnu++17";
				CLANG_CXX_LIBRARY = "libc++";
				CLANG_ENABLE_MODULES = YES;
				CLANG_ENABLE_OBJC_ARC = YES;
				CLANG_ENABLE_OBJC_WEAK = YES;
				CLANG_WARN_BLOCK_CAPTURE_AUTORELEASING = YES;
				CLANG_WARN_BOOL_CONVERSION = YES;
				CLANG_WARN_COMMA = YES;
				CLANG_WARN_CONSTANT_CONVERSION = YES;
				CLANG_WARN_DEPRECATED_OBJC_IMPLEMENTATIONS = YES;
				CLANG_WARN_DIRECT_OBJC_ISA_USAGE = YES_ERROR;
				CLANG_WARN_DOCUMENTATION_COMMENTS = YES;
				CLANG_WARN_EMPTY_BODY = YES;
				CLANG_WARN_ENUM_CONVERSION = YES;
				CLANG_WARN_INFINITE_RECURSION = YES;
				CLANG_WARN_INT_CONVERSION = YES;
				CLANG_WARN_NON_LITERAL_NULL_CONVERSION = YES;
				CLANG_WARN_OBJC_IMPLICIT_RETAIN_SELF = YES;
				CLANG_WARN_OBJC_LITERAL_CONVERSION = YES;
				CLANG_WARN_OBJC_ROOT_CLASS = YES_ERROR;
				CLANG_WARN_QUOTED_INCLUDE_IN_FRAMEWORK_HEADER = YES;
				CLANG_WARN_RANGE_LOOP_ANALYSIS = YES;
				CLANG_WARN_STRICT_PROTOTYPES = YES;
				CLANG_WARN_SUSPICIOUS_MOVE = YES;
				CLANG_WARN_UNGUARDED_AVAILABILITY = YES_AGGRESSIVE;
				CLANG_WARN_UNREACHABLE_CODE = YES;
				CLANG_WARN__DUPLICATE_METHOD_MATCH = YES;
				COPY_PHASE_STRIP = NO;
				DEBUG_INFORMATION_FORMAT = dwarf;
				ENABLE_STRICT_OBJC_MSGSEND = YES;
				ENABLE_TESTABILITY = YES;
				GCC_C_LANGUAGE_STANDARD = gnu11;
				GCC_DYNAMIC_NO_PIC = NO;
				GCC_NO_COMMON_BLOCKS = YES;
				GCC_OPTIMIZATION_LEVEL = 0;
				GCC_PREPROCESSOR_DEFINITIONS = (
					"DEBUG=1",
					"$(inherited)",
				);
				GCC_WARN_64_TO_32_BIT_CONVERSION = YES;
				GCC_WARN_ABOUT_RETURN_TYPE = YES_ERROR;
				GCC_WARN_UNDECLARED_SELECTOR = YES;
				GCC_WARN_UNINITIALIZED_AUTOS = YES_AGGRESSIVE;
				GCC_WARN_UNUSED_FUNCTION = YES;
				GCC_WARN_UNUSED_VARIABLE = YES;
				IPHONEOS_DEPLOYMENT_TARGET = 15.2;
				MTL_ENABLE_DEBUG_INFO = INCLUDE_SOURCE;
				MTL_FAST_MATH = YES;
				ONLY_ACTIVE_ARCH = YES;
				SDKROOT = iphoneos;
				SWIFT_ACTIVE_COMPILATION_CONDITIONS = DEBUG;
				SWIFT_OPTIMIZATION_LEVEL = "-Onone";
			};
			name = Debug;
		};
		A150A131278582B500277A98 /* Release */ = {
			isa = XCBuildConfiguration;
			buildSettings = {
				ALWAYS_SEARCH_USER_PATHS = NO;
				CLANG_ANALYZER_NONNULL = YES;
				CLANG_ANALYZER_NUMBER_OBJECT_CONVERSION = YES_AGGRESSIVE;
				CLANG_CXX_LANGUAGE_STANDARD = "gnu++17";
				CLANG_CXX_LIBRARY = "libc++";
				CLANG_ENABLE_MODULES = YES;
				CLANG_ENABLE_OBJC_ARC = YES;
				CLANG_ENABLE_OBJC_WEAK = YES;
				CLANG_WARN_BLOCK_CAPTURE_AUTORELEASING = YES;
				CLANG_WARN_BOOL_CONVERSION = YES;
				CLANG_WARN_COMMA = YES;
				CLANG_WARN_CONSTANT_CONVERSION = YES;
				CLANG_WARN_DEPRECATED_OBJC_IMPLEMENTATIONS = YES;
				CLANG_WARN_DIRECT_OBJC_ISA_USAGE = YES_ERROR;
				CLANG_WARN_DOCUMENTATION_COMMENTS = YES;
				CLANG_WARN_EMPTY_BODY = YES;
				CLANG_WARN_ENUM_CONVERSION = YES;
				CLANG_WARN_INFINITE_RECURSION = YES;
				CLANG_WARN_INT_CONVERSION = YES;
				CLANG_WARN_NON_LITERAL_NULL_CONVERSION = YES;
				CLANG_WARN_OBJC_IMPLICIT_RETAIN_SELF = YES;
				CLANG_WARN_OBJC_LITERAL_CONVERSION = YES;
				CLANG_WARN_OBJC_ROOT_CLASS = YES_ERROR;
				CLANG_WARN_QUOTED_INCLUDE_IN_FRAMEWORK_HEADER = YES;
				CLANG_WARN_RANGE_LOOP_ANALYSIS = YES;
				CLANG_WARN_STRICT_PROTOTYPES = YES;
				CLANG_WARN_SUSPICIOUS_MOVE = YES;
				CLANG_WARN_UNGUARDED_AVAILABILITY = YES_AGGRESSIVE;
				CLANG_WARN_UNREACHABLE_CODE = YES;
				CLANG_WARN__DUPLICATE_METHOD_MATCH = YES;
				COPY_PHASE_STRIP = NO;
				DEBUG_INFORMATION_FORMAT = "dwarf-with-dsym";
				ENABLE_NS_ASSERTIONS = NO;
				ENABLE_STRICT_OBJC_MSGSEND = YES;
				GCC_C_LANGUAGE_STANDARD = gnu11;
				GCC_NO_COMMON_BLOCKS = YES;
				GCC_WARN_64_TO_32_BIT_CONVERSION = YES;
				GCC_WARN_ABOUT_RETURN_TYPE = YES_ERROR;
				GCC_WARN_UNDECLARED_SELECTOR = YES;
				GCC_WARN_UNINITIALIZED_AUTOS = YES_AGGRESSIVE;
				GCC_WARN_UNUSED_FUNCTION = YES;
				GCC_WARN_UNUSED_VARIABLE = YES;
				IPHONEOS_DEPLOYMENT_TARGET = 15.2;
				MTL_ENABLE_DEBUG_INFO = NO;
				MTL_FAST_MATH = YES;
				SDKROOT = iphoneos;
				SWIFT_COMPILATION_MODE = wholemodule;
				SWIFT_OPTIMIZATION_LEVEL = "-O";
				VALIDATE_PRODUCT = YES;
			};
			name = Release;
		};
		A150A133278582B500277A98 /* Debug */ = {
			isa = XCBuildConfiguration;
			buildSettings = {
				ASSETCATALOG_COMPILER_APPICON_NAME = AppIcon;
				ASSETCATALOG_COMPILER_GLOBAL_ACCENT_COLOR_NAME = AccentColor;
				CODE_SIGN_STYLE = Automatic;
				CURRENT_PROJECT_VERSION = 1;
				DEVELOPMENT_TEAM = DK89F2AYAE;
				GENERATE_INFOPLIST_FILE = YES;
				INFOPLIST_FILE = Planer/Info.plist;
				INFOPLIST_KEY_CFBundleDisplayName = Planer;
				INFOPLIST_KEY_UIApplicationSupportsIndirectInputEvents = YES;
				INFOPLIST_KEY_UILaunchStoryboardName = LaunchScreen;
				INFOPLIST_KEY_UIMainStoryboardFile = Main;
				INFOPLIST_KEY_UISupportedInterfaceOrientations_iPad = "UIInterfaceOrientationPortrait UIInterfaceOrientationPortraitUpsideDown UIInterfaceOrientationLandscapeLeft UIInterfaceOrientationLandscapeRight";
				INFOPLIST_KEY_UISupportedInterfaceOrientations_iPhone = "UIInterfaceOrientationPortrait UIInterfaceOrientationLandscapeLeft UIInterfaceOrientationLandscapeRight";
				LD_RUNPATH_SEARCH_PATHS = (
					"$(inherited)",
					"@executable_path/Frameworks",
				);
				MARKETING_VERSION = 1.0;
				PRODUCT_BUNDLE_IDENTIFIER = com.ubs.Planer;
				PRODUCT_NAME = "$(TARGET_NAME)";
				SWIFT_EMIT_LOC_STRINGS = YES;
				SWIFT_VERSION = 5.0;
				TARGETED_DEVICE_FAMILY = "1,2";
			};
			name = Debug;
		};
		A150A134278582B500277A98 /* Release */ = {
			isa = XCBuildConfiguration;
			buildSettings = {
				ASSETCATALOG_COMPILER_APPICON_NAME = AppIcon;
				ASSETCATALOG_COMPILER_GLOBAL_ACCENT_COLOR_NAME = AccentColor;
				CODE_SIGN_STYLE = Automatic;
				CURRENT_PROJECT_VERSION = 1;
				DEVELOPMENT_TEAM = DK89F2AYAE;
				GENERATE_INFOPLIST_FILE = YES;
				INFOPLIST_FILE = Planer/Info.plist;
				INFOPLIST_KEY_CFBundleDisplayName = Planer;
				INFOPLIST_KEY_UIApplicationSupportsIndirectInputEvents = YES;
				INFOPLIST_KEY_UILaunchStoryboardName = LaunchScreen;
				INFOPLIST_KEY_UIMainStoryboardFile = Main;
				INFOPLIST_KEY_UISupportedInterfaceOrientations_iPad = "UIInterfaceOrientationPortrait UIInterfaceOrientationPortraitUpsideDown UIInterfaceOrientationLandscapeLeft UIInterfaceOrientationLandscapeRight";
				INFOPLIST_KEY_UISupportedInterfaceOrientations_iPhone = "UIInterfaceOrientationPortrait UIInterfaceOrientationLandscapeLeft UIInterfaceOrientationLandscapeRight";
				LD_RUNPATH_SEARCH_PATHS = (
					"$(inherited)",
					"@executable_path/Frameworks",
				);
				MARKETING_VERSION = 1.0;
				PRODUCT_BUNDLE_IDENTIFIER = com.ubs.Planer;
				PRODUCT_NAME = "$(TARGET_NAME)";
				SWIFT_EMIT_LOC_STRINGS = YES;
				SWIFT_VERSION = 5.0;
				TARGETED_DEVICE_FAMILY = "1,2";
			};
			name = Release;
		};
/* End XCBuildConfiguration section */

/* Begin XCConfigurationList section */
		A150A119278582B100277A98 /* Build configuration list for PBXProject "Planer" */ = {
			isa = XCConfigurationList;
			buildConfigurations = (
				A150A130278582B500277A98 /* Debug */,
				A150A131278582B500277A98 /* Release */,
			);
			defaultConfigurationIsVisible = 0;
			defaultConfigurationName = Release;
		};
		A150A132278582B500277A98 /* Build configuration list for PBXNativeTarget "Planer" */ = {
			isa = XCConfigurationList;
			buildConfigurations = (
				A150A133278582B500277A98 /* Debug */,
				A150A134278582B500277A98 /* Release */,
			);
			defaultConfigurationIsVisible = 0;
			defaultConfigurationName = Release;
		};
/* End XCConfigurationList section */
	};
	rootObject = A150A116278582B100277A98 /* Project object */;
}
